Microsoft Visual Studio Solution File, Format Version 12.00
# Visual Studio 15
VisualStudioVersion = 15.0.27130.2010
MinimumVisualStudioVersion = 15.0.26124.0
Project("{9A19103F-16F7-4668-BE54-9A1E7A4F7556}") = "Site", "Site\Site.csproj", "{F58D80FA-7296-4488-ADC4-D4062FEC6770}"
EndProject
Project("{9A19103F-16F7-4668-BE54-9A1E7A4F7556}") = "Shared", "Shared\Shared.csproj", "{E211CD8E-6237-45AA-8904-0D5F64358E5B}"
EndProject
Project("{FAE04EC0-301F-11D3-BF4B-00C04F79EFBC}") = "App", "App\App.csproj", "{80331570-3DED-46BB-8854-3125EE23D78D}"
EndProject
Global
	GlobalSection(SolutionConfigurationPlatforms) = preSolution
		Debug|Any CPU = Debug|Any CPU
		Debug|x64 = Debug|x64
		Debug|x86 = Debug|x86
		Release|Any CPU = Release|Any CPU
		Release|x64 = Release|x64
		Release|x86 = Release|x86
	EndGlobalSection
	GlobalSection(ProjectConfigurationPlatforms) = postSolution
		{F58D80FA-7296-4488-ADC4-D4062FEC6770}.Debug|Any CPU.ActiveCfg = Debug|Any CPU
		{F58D80FA-7296-4488-ADC4-D4062FEC6770}.Debug|Any CPU.Build.0 = Debug|Any CPU
		{F58D80FA-7296-4488-ADC4-D4062FEC6770}.Debug|x64.ActiveCfg = Debug|Any CPU
		{F58D80FA-7296-4488-ADC4-D4062FEC6770}.Debug|x64.Build.0 = Debug|Any CPU
		{F58D80FA-7296-4488-ADC4-D4062FEC6770}.Debug|x86.ActiveCfg = Debug|Any CPU
		{F58D80FA-7296-4488-ADC4-D4062FEC6770}.Debug|x86.Build.0 = Debug|Any CPU
		{F58D80FA-7296-4488-ADC4-D4062FEC6770}.Release|Any CPU.ActiveCfg = Release|Any CPU
		{F58D80FA-7296-4488-ADC4-D4062FEC6770}.Release|Any CPU.Build.0 = Release|Any CPU
		{F58D80FA-7296-4488-ADC4-D4062FEC6770}.Release|x64.ActiveCfg = Release|Any CPU
		{F58D80FA-7296-4488-ADC4-D4062FEC6770}.Release|x64.Build.0 = Release|Any CPU
		{F58D80FA-7296-4488-ADC4-D4062FEC6770}.Release|x86.ActiveCfg = Release|Any CPU
		{F58D80FA-7296-4488-ADC4-D4062FEC6770}.Release|x86.Build.0 = Release|Any CPU
		{E211CD8E-6237-45AA-8904-0D5F64358E5B}.Debug|Any CPU.ActiveCfg = Debug|Any CPU
		{E211CD8E-6237-45AA-8904-0D5F64358E5B}.Debug|Any CPU.Build.0 = Debug|Any CPU
		{E211CD8E-6237-45AA-8904-0D5F64358E5B}.Debug|x64.ActiveCfg = Debug|Any CPU
		{E211CD8E-6237-45AA-8904-0D5F64358E5B}.Debug|x64.Build.0 = Debug|Any CPU
		{E211CD8E-6237-45AA-8904-0D5F64358E5B}.Debug|x86.ActiveCfg = Debug|Any CPU
		{E211CD8E-6237-45AA-8904-0D5F64358E5B}.Debug|x86.Build.0 = Debug|Any CPU
		{E211CD8E-6237-45AA-8904-0D5F64358E5B}.Release|Any CPU.ActiveCfg = Release|Any CPU
		{E211CD8E-6237-45AA-8904-0D5F64358E5B}.Release|Any CPU.Build.0 = Release|Any CPU
		{E211CD8E-6237-45AA-8904-0D5F64358E5B}.Release|x64.ActiveCfg = Release|Any CPU
		{E211CD8E-6237-45AA-8904-0D5F64358E5B}.Release|x64.Build.0 = Release|Any CPU
		{E211CD8E-6237-45AA-8904-0D5F64358E5B}.Release|x86.ActiveCfg = Release|Any CPU
		{E211CD8E-6237-45AA-8904-0D5F64358E5B}.Release|x86.Build.0 = Release|Any CPU
		{80331570-3DED-46BB-8854-3125EE23D78D}.Debug|Any CPU.ActiveCfg = Debug|Any CPU
		{80331570-3DED-46BB-8854-3125EE23D78D}.Debug|Any CPU.Build.0 = Debug|Any CPU
		{80331570-3DED-46BB-8854-3125EE23D78D}.Debug|x64.ActiveCfg = Debug|Any CPU
		{80331570-3DED-46BB-8854-3125EE23D78D}.Debug|x64.Build.0 = Debug|Any CPU
		{80331570-3DED-46BB-8854-3125EE23D78D}.Debug|x86.ActiveCfg = Debug|Any CPU
		{80331570-3DED-46BB-8854-3125EE23D78D}.Debug|x86.Build.0 = Debug|Any CPU
		{80331570-3DED-46BB-8854-3125EE23D78D}.Release|Any CPU.ActiveCfg = Release|Any CPU
		{80331570-3DED-46BB-8854-3125EE23D78D}.Release|Any CPU.Build.0 = Release|Any CPU
		{80331570-3DED-46BB-8854-3125EE23D78D}.Release|x64.ActiveCfg = Release|Any CPU
		{80331570-3DED-46BB-8854-3125EE23D78D}.Release|x64.Build.0 = Release|Any CPU
		{80331570-3DED-46BB-8854-3125EE23D78D}.Release|x86.ActiveCfg = Release|Any CPU
		{80331570-3DED-46BB-8854-3125EE23D78D}.Release|x86.Build.0 = Release|Any CPU
	EndGlobalSection
	GlobalSection(SolutionProperties) = preSolution
		HideSolutionNode = FALSE
	EndGlobalSection
	GlobalSection(ExtensibilityGlobals) = postSolution
		SolutionGuid = {837536B5-38BA-4547-9C35-60FCE58F0AA5}
	EndGlobalSection
EndGlobal
